
Microsoft Visual Studio Solution File, Format Version 12.00
# Visual Studio 2013
VisualStudioVersion = 12.0.31101.0
MinimumVisualStudioVersion = 10.0.40219.1
Project("{FAE04EC0-301F-11D3-BF4B-00C04F79EFBC}") = "Report3", "report3\Report3.csproj", "{0F7E4D14-9A1D-4BC9-A89D-A8DE62F916AA}"
EndProject
Project("{FAE04EC0-301F-11D3-BF4B-00C04F79EFBC}") = "TestGlayImage", "TestGlayImage\TestGlayImage.csproj", "{438C0B00-D0E4-4531-8C8A-01073AC6C479}"
EndProject
Project("{FAE04EC0-301F-11D3-BF4B-00C04F79EFBC}") = "Prob1", "Prob1\Prob1.csproj", "{F8F23032-19EA-41CE-A733-F54185192AE6}"
EndProject
Project("{FAE04EC0-301F-11D3-BF4B-00C04F79EFBC}") = "Prob2", "Prob2\Prob2.csproj", "{386EC50E-D285-478A-BAD9-F8A07F0D4878}"
EndProject
Project("{FAE04EC0-301F-11D3-BF4B-00C04F79EFBC}") = "Prob3", "Prob3\Prob3.csproj", "{DB1F3CD0-EE1A-4C6D-93D9-7923FB4AB73F}"
EndProject
Project("{FAE04EC0-301F-11D3-BF4B-00C04F79EFBC}") = "Prob4", "Prob4\Prob4.csproj", "{D38F3B57-A488-4562-8689-10B96265B977}"
EndProject
Project("{FAE04EC0-301F-11D3-BF4B-00C04F79EFBC}") = "Prob5", "Prob5\Prob5.csproj", "{E998777F-EAFD-41F9-A0F8-6BA31A1ACED8}"
EndProject
Project("{FAE04EC0-301F-11D3-BF4B-00C04F79EFBC}") = "Prob6", "Prob6\Prob6.csproj", "{076397F5-D9F7-47A3-A604-470449F917C9}"
EndProject
Global
	GlobalSection(SolutionConfigurationPlatforms) = preSolution
		Debug|Any CPU = Debug|Any CPU
		Release|Any CPU = Release|Any CPU
	EndGlobalSection
	GlobalSection(ProjectConfigurationPlatforms) = postSolution
		{0F7E4D14-9A1D-4BC9-A89D-A8DE62F916AA}.Debug|Any CPU.ActiveCfg = Debug|Any CPU
		{0F7E4D14-9A1D-4BC9-A89D-A8DE62F916AA}.Debug|Any CPU.Build.0 = Debug|Any CPU
		{0F7E4D14-9A1D-4BC9-A89D-A8DE62F916AA}.Release|Any CPU.ActiveCfg = Release|Any CPU
		{0F7E4D14-9A1D-4BC9-A89D-A8DE62F916AA}.Release|Any CPU.Build.0 = Release|Any CPU
		{438C0B00-D0E4-4531-8C8A-01073AC6C479}.Debug|Any CPU.ActiveCfg = Debug|Any CPU
		{438C0B00-D0E4-4531-8C8A-01073AC6C479}.Debug|Any CPU.Build.0 = Debug|Any CPU
		{438C0B00-D0E4-4531-8C8A-01073AC6C479}.Release|Any CPU.ActiveCfg = Release|Any CPU
		{438C0B00-D0E4-4531-8C8A-01073AC6C479}.Release|Any CPU.Build.0 = Release|Any CPU
		{F8F23032-19EA-41CE-A733-F54185192AE6}.Debug|Any CPU.ActiveCfg = Debug|Any CPU
		{F8F23032-19EA-41CE-A733-F54185192AE6}.Debug|Any CPU.Build.0 = Debug|Any CPU
		{F8F23032-19EA-41CE-A733-F54185192AE6}.Release|Any CPU.ActiveCfg = Release|Any CPU
		{F8F23032-19EA-41CE-A733-F54185192AE6}.Release|Any CPU.Build.0 = Release|Any CPU
		{386EC50E-D285-478A-BAD9-F8A07F0D4878}.Debug|Any CPU.ActiveCfg = Debug|Any CPU
		{386EC50E-D285-478A-BAD9-F8A07F0D4878}.Debug|Any CPU.Build.0 = Debug|Any CPU
		{386EC50E-D285-478A-BAD9-F8A07F0D4878}.Release|Any CPU.ActiveCfg = Release|Any CPU
		{386EC50E-D285-478A-BAD9-F8A07F0D4878}.Release|Any CPU.Build.0 = Release|Any CPU
		{DB1F3CD0-EE1A-4C6D-93D9-7923FB4AB73F}.Debug|Any CPU.ActiveCfg = Debug|Any CPU
		{DB1F3CD0-EE1A-4C6D-93D9-7923FB4AB73F}.Debug|Any CPU.Build.0 = Debug|Any CPU
		{DB1F3CD0-EE1A-4C6D-93D9-7923FB4AB73F}.Release|Any CPU.ActiveCfg = Release|Any CPU
		{DB1F3CD0-EE1A-4C6D-93D9-7923FB4AB73F}.Release|Any CPU.Build.0 = Release|Any CPU
		{D38F3B57-A488-4562-8689-10B96265B977}.Debug|Any CPU.ActiveCfg = Debug|Any CPU
		{D38F3B57-A488-4562-8689-10B96265B977}.Debug|Any CPU.Build.0 = Debug|Any CPU
		{D38F3B57-A488-4562-8689-10B96265B977}.Release|Any CPU.ActiveCfg = Release|Any CPU
		{D38F3B57-A488-4562-8689-10B96265B977}.Release|Any CPU.Build.0 = Release|Any CPU
		{E998777F-EAFD-41F9-A0F8-6BA31A1ACED8}.Debug|Any CPU.ActiveCfg = Debug|Any CPU
		{E998777F-EAFD-41F9-A0F8-6BA31A1ACED8}.Debug|Any CPU.Build.0 = Debug|Any CPU
		{E998777F-EAFD-41F9-A0F8-6BA31A1ACED8}.Release|Any CPU.ActiveCfg = Release|Any CPU
		{E998777F-EAFD-41F9-A0F8-6BA31A1ACED8}.Release|Any CPU.Build.0 = Release|Any CPU
		{076397F5-D9F7-47A3-A604-470449F917C9}.Debug|Any CPU.ActiveCfg = Debug|Any CPU
		{076397F5-D9F7-47A3-A604-470449F917C9}.Debug|Any CPU.Build.0 = Debug|Any CPU
		{076397F5-D9F7-47A3-A604-470449F917C9}.Release|Any CPU.ActiveCfg = Release|Any CPU
		{076397F5-D9F7-47A3-A604-470449F917C9}.Release|Any CPU.Build.0 = Release|Any CPU
	EndGlobalSection
	GlobalSection(SolutionProperties) = preSolution
		HideSolutionNode = FALSE
	EndGlobalSection
EndGlobal
